// !$*UTF8*$!
{
	archiveVersion = 1;
	classes = {
	};
	objectVersion = 50;
	objects = {

/* Begin PBXBuildFile section */
		CACBF23E27611BB500942D33 /* AppDelegate.swift in Sources */ = {isa = PBXBuildFile; fileRef = CACBF23D27611BB500942D33 /* AppDelegate.swift */; };
		CACBF24027611BB500942D33 /* SceneDelegate.swift in Sources */ = {isa = PBXBuildFile; fileRef = CACBF23F27611BB500942D33 /* SceneDelegate.swift */; };
		CACBF24227611BB500942D33 /* ViewController.swift in Sources */ = {isa = PBXBuildFile; fileRef = CACBF24127611BB500942D33 /* ViewController.swift */; };
		CACBF24527611BB500942D33 /* Main.storyboard in Resources */ = {isa = PBXBuildFile; fileRef = CACBF24327611BB500942D33 /* Main.storyboard */; };
		CACBF24727611BC400942D33 /* Assets.xcassets in Resources */ = {isa = PBXBuildFile; fileRef = CACBF24627611BC400942D33 /* Assets.xcassets */; };
		CACBF24A27611BC400942D33 /* LaunchScreen.storyboard in Resources */ = {isa = PBXBuildFile; fileRef = CACBF24827611BC400942D33 /* LaunchScreen.storyboard */; };
		CACBF25527611BC400942D33 /* TwoViewsTests.swift in Sources */ = {isa = PBXBuildFile; fileRef = CACBF25427611BC400942D33 /* TwoViewsTests.swift */; };
		CACBF26027611BC500942D33 /* TwoViewsUITests.swift in Sources */ = {isa = PBXBuildFile; fileRef = CACBF25F27611BC500942D33 /* TwoViewsUITests.swift */; };
/* End PBXBuildFile section */

/* Begin PBXContainerItemProxy section */
		CACBF25127611BC400942D33 /* PBXContainerItemProxy */ = {
			isa = PBXContainerItemProxy;
			containerPortal = CACBF23227611BB500942D33 /* Project object */;
			proxyType = 1;
			remoteGlobalIDString = CACBF23927611BB500942D33;
			remoteInfo = TwoViews;
		};
		CACBF25C27611BC400942D33 /* PBXContainerItemProxy */ = {
			isa = PBXContainerItemProxy;
			containerPortal = CACBF23227611BB500942D33 /* Project object */;
			proxyType = 1;
			remoteGlobalIDString = CACBF23927611BB500942D33;
			remoteInfo = TwoViews;
		};
/* End PBXContainerItemProxy section */

/* Begin PBXFileReference section */
		CACBF23A27611BB500942D33 /* TwoViews.app */ = {isa = PBXFileReference; explicitFileType = wrapper.application; includeInIndex = 0; path = TwoViews.app; sourceTree = BUILT_PRODUCTS_DIR; };
		CACBF23D27611BB500942D33 /* AppDelegate.swift */ = {isa = PBXFileReference; lastKnownFileType = sourcecode.swift; path = AppDelegate.swift; sourceTree = "<group>"; };
		CACBF23F27611BB500942D33 /* SceneDelegate.swift */ = {isa = PBXFileReference; lastKnownFileType = sourcecode.swift; path = SceneDelegate.swift; sourceTree = "<group>"; };
		CACBF24127611BB500942D33 /* ViewController.swift */ = {isa = PBXFileReference; lastKnownFileType = sourcecode.swift; path = ViewController.swift; sourceTree = "<group>"; };
		CACBF24427611BB500942D33 /* Base */ = {isa = PBXFileReference; lastKnownFileType = file.storyboard; name = Base; path = Base.lproj/Main.storyboard; sourceTree = "<group>"; };
		CACBF24627611BC400942D33 /* Assets.xcassets */ = {isa = PBXFileReference; lastKnownFileType = folder.assetcatalog; path = Assets.xcassets; sourceTree = "<group>"; };
		CACBF24927611BC400942D33 /* Base */ = {isa = PBXFileReference; lastKnownFileType = file.storyboard; name = Base; path = Base.lproj/LaunchScreen.storyboard; sourceTree = "<group>"; };
		CACBF24B27611BC400942D33 /* Info.plist */ = {isa = PBXFileReference; lastKnownFileType = text.plist.xml; path = Info.plist; sourceTree = "<group>"; };
		CACBF25027611BC400942D33 /* TwoViewsTests.xctest */ = {isa = PBXFileReference; explicitFileType = wrapper.cfbundle; includeInIndex = 0; path = TwoViewsTests.xctest; sourceTree = BUILT_PRODUCTS_DIR; };
		CACBF25427611BC400942D33 /* TwoViewsTests.swift */ = {isa = PBXFileReference; lastKnownFileType = sourcecode.swift; path = TwoViewsTests.swift; sourceTree = "<group>"; };
		CACBF25627611BC400942D33 /* Info.plist */ = {isa = PBXFileReference; lastKnownFileType = text.plist.xml; path = Info.plist; sourceTree = "<group>"; };
		CACBF25B27611BC400942D33 /* TwoViewsUITests.xctest */ = {isa = PBXFileReference; explicitFileType = wrapper.cfbundle; includeInIndex = 0; path = TwoViewsUITests.xctest; sourceTree = BUILT_PRODUCTS_DIR; };
		CACBF25F27611BC500942D33 /* TwoViewsUITests.swift */ = {isa = PBXFileReference; lastKnownFileType = sourcecode.swift; path = TwoViewsUITests.swift; sourceTree = "<group>"; };
		CACBF26127611BC500942D33 /* Info.plist */ = {isa = PBXFileReference; lastKnownFileType = text.plist.xml; path = Info.plist; sourceTree = "<group>"; };
/* End PBXFileReference section */

/* Begin PBXFrameworksBuildPhase section */
		CACBF23727611BB500942D33 /* Frameworks */ = {
			isa = PBXFrameworksBuildPhase;
			buildActionMask = 2147483647;
			files = (
			);
			runOnlyForDeploymentPostprocessing = 0;
		};
		CACBF24D27611BC400942D33 /* Frameworks */ = {
			isa = PBXFrameworksBuildPhase;
			buildActionMask = 2147483647;
			files = (
			);
			runOnlyForDeploymentPostprocessing = 0;
		};
		CACBF25827611BC400942D33 /* Frameworks */ = {
			isa = PBXFrameworksBuildPhase;
			buildActionMask = 2147483647;
			files = (
			);
			runOnlyForDeploymentPostprocessing = 0;
		};
/* End PBXFrameworksBuildPhase section */

/* Begin PBXGroup section */
		CACBF23127611BB500942D33 = {
			isa = PBXGroup;
			children = (
				CACBF23C27611BB500942D33 /* TwoViews */,
				CACBF25327611BC400942D33 /* TwoViewsTests */,
				CACBF25E27611BC400942D33 /* TwoViewsUITests */,
				CACBF23B27611BB500942D33 /* Products */,
			);
			sourceTree = "<group>";
		};
		CACBF23B27611BB500942D33 /* Products */ = {
			isa = PBXGroup;
			children = (
				CACBF23A27611BB500942D33 /* TwoViews.app */,
				CACBF25027611BC400942D33 /* TwoViewsTests.xctest */,
				CACBF25B27611BC400942D33 /* TwoViewsUITests.xctest */,
			);
			name = Products;
			sourceTree = "<group>";
		};
		CACBF23C27611BB500942D33 /* TwoViews */ = {
			isa = PBXGroup;
			children = (
				CACBF23D27611BB500942D33 /* AppDelegate.swift */,
				CACBF23F27611BB500942D33 /* SceneDelegate.swift */,
				CACBF24127611BB500942D33 /* ViewController.swift */,
				CACBF24327611BB500942D33 /* Main.storyboard */,
				CACBF24627611BC400942D33 /* Assets.xcassets */,
				CACBF24827611BC400942D33 /* LaunchScreen.storyboard */,
				CACBF24B27611BC400942D33 /* Info.plist */,
			);
			path = TwoViews;
			sourceTree = "<group>";
		};
		CACBF25327611BC400942D33 /* TwoViewsTests */ = {
			isa = PBXGroup;
			children = (
				CACBF25427611BC400942D33 /* TwoViewsTests.swift */,
				CACBF25627611BC400942D33 /* Info.plist */,
			);
			path = TwoViewsTests;
			sourceTree = "<group>";
		};
		CACBF25E27611BC400942D33 /* TwoViewsUITests */ = {
			isa = PBXGroup;
			children = (
				CACBF25F27611BC500942D33 /* TwoViewsUITests.swift */,
				CACBF26127611BC500942D33 /* Info.plist */,
			);
			path = TwoViewsUITests;
			sourceTree = "<group>";
		};
/* End PBXGroup section */

/* Begin PBXNativeTarget section */
		CACBF23927611BB500942D33 /* TwoViews */ = {
			isa = PBXNativeTarget;
			buildConfigurationList = CACBF26427611BC500942D33 /* Build configuration list for PBXNativeTarget "TwoViews" */;
			buildPhases = (
				CACBF23627611BB500942D33 /* Sources */,
				CACBF23727611BB500942D33 /* Frameworks */,
				CACBF23827611BB500942D33 /* Resources */,
			);
			buildRules = (
			);
			dependencies = (
			);
			name = TwoViews;
			productName = TwoViews;
			productReference = CACBF23A27611BB500942D33 /* TwoViews.app */;
			productType = "com.apple.product-type.application";
		};
		CACBF24F27611BC400942D33 /* TwoViewsTests */ = {
			isa = PBXNativeTarget;
			buildConfigurationList = CACBF26727611BC500942D33 /* Build configuration list for PBXNativeTarget "TwoViewsTests" */;
			buildPhases = (
				CACBF24C27611BC400942D33 /* Sources */,
				CACBF24D27611BC400942D33 /* Frameworks */,
				CACBF24E27611BC400942D33 /* Resources */,
			);
			buildRules = (
			);
			dependencies = (
				CACBF25227611BC400942D33 /* PBXTargetDependency */,
			);
			name = TwoViewsTests;
			productName = TwoViewsTests;
			productReference = CACBF25027611BC400942D33 /* TwoViewsTests.xctest */;
			productType = "com.apple.product-type.bundle.unit-test";
		};
		CACBF25A27611BC400942D33 /* TwoViewsUITests */ = {
			isa = PBXNativeTarget;
			buildConfigurationList = CACBF26A27611BC500942D33 /* Build configuration list for PBXNativeTarget "TwoViewsUITests" */;
			buildPhases = (
				CACBF25727611BC400942D33 /* Sources */,
				CACBF25827611BC400942D33 /* Frameworks */,
				CACBF25927611BC400942D33 /* Resources */,
			);
			buildRules = (
			);
			dependencies = (
				CACBF25D27611BC400942D33 /* PBXTargetDependency */,
			);
			name = TwoViewsUITests;
			productName = TwoViewsUITests;
			productReference = CACBF25B27611BC400942D33 /* TwoViewsUITests.xctest */;
			productType = "com.apple.product-type.bundle.ui-testing";
		};
/* End PBXNativeTarget section */

/* Begin PBXProject section */
		CACBF23227611BB500942D33 /* Project object */ = {
			isa = PBXProject;
			attributes = {
				LastSwiftUpdateCheck = 1240;
				LastUpgradeCheck = 1240;
				TargetAttributes = {
					CACBF23927611BB500942D33 = {
						CreatedOnToolsVersion = 12.4;
					};
					CACBF24F27611BC400942D33 = {
						CreatedOnToolsVersion = 12.4;
						TestTargetID = CACBF23927611BB500942D33;
					};
					CACBF25A27611BC400942D33 = {
						CreatedOnToolsVersion = 12.4;
						TestTargetID = CACBF23927611BB500942D33;
					};
				};
			};
			buildConfigurationList = CACBF23527611BB500942D33 /* Build configuration list for PBXProject "TwoViews" */;
			compatibilityVersion = "Xcode 9.3";
			developmentRegion = en;
			hasScannedForEncodings = 0;
			knownRegions = (
				en,
				Base,
			);
			mainGroup = CACBF23127611BB500942D33;
			productRefGroup = CACBF23B27611BB500942D33 /* Products */;
			projectDirPath = "";
			projectRoot = "";
			targets = (
				CACBF23927611BB500942D33 /* TwoViews */,
				CACBF24F27611BC400942D33 /* TwoViewsTests */,
				CACBF25A27611BC400942D33 /* TwoViewsUITests */,
			);
		};
/* End PBXProject section */

/* Begin PBXResourcesBuildPhase section */
		CACBF23827611BB500942D33 /* Resources */ = {
			isa = PBXResourcesBuildPhase;
			buildActionMask = 2147483647;
			files = (
				CACBF24A27611BC400942D33 /* LaunchScreen.storyboard in Resources */,
				CACBF24727611BC400942D33 /* Assets.xcassets in Resources */,
				CACBF24527611BB500942D33 /* Main.storyboard in Resources */,
			);
			runOnlyForDeploymentPostprocessing = 0;
		};
		CACBF24E27611BC400942D33 /* Resources */ = {
			isa = PBXResourcesBuildPhase;
			buildActionMask = 2147483647;
			files = (
			);
			runOnlyForDeploymentPostprocessing = 0;
		};
		CACBF25927611BC400942D33 /* Resources */ = {
			isa = PBXResourcesBuildPhase;
			buildActionMask = 2147483647;
			files = (
			);
			runOnlyForDeploymentPostprocessing = 0;
		};
/* End PBXResourcesBuildPhase section */

/* Begin PBXSourcesBuildPhase section */
		CACBF23627611BB500942D33 /* Sources */ = {
			isa = PBXSourcesBuildPhase;
			buildActionMask = 2147483647;
			files = (
				CACBF24227611BB500942D33 /* ViewController.swift in Sources */,
				CACBF23E27611BB500942D33 /* AppDelegate.swift in Sources */,
				CACBF24027611BB500942D33 /* SceneDelegate.swift in Sources */,
			);
			runOnlyForDeploymentPostprocessing = 0;
		};
		CACBF24C27611BC400942D33 /* Sources */ = {
			isa = PBXSourcesBuildPhase;
			buildActionMask = 2147483647;
			files = (
				CACBF25527611BC400942D33 /* TwoViewsTests.swift in Sources */,
			);
			runOnlyForDeploymentPostprocessing = 0;
		};
		CACBF25727611BC400942D33 /* Sources */ = {
			isa = PBXSourcesBuildPhase;
			buildActionMask = 2147483647;
			files = (
				CACBF26027611BC500942D33 /* TwoViewsUITests.swift in Sources */,
			);
			runOnlyForDeploymentPostprocessing = 0;
		};
/* End PBXSourcesBuildPhase section */

/* Begin PBXTargetDependency section */
		CACBF25227611BC400942D33 /* PBXTargetDependency */ = {
			isa = PBXTargetDependency;
			target = CACBF23927611BB500942D33 /* TwoViews */;
			targetProxy = CACBF25127611BC400942D33 /* PBXContainerItemProxy */;
		};
		CACBF25D27611BC400942D33 /* PBXTargetDependency */ = {
			isa = PBXTargetDependency;
			target = CACBF23927611BB500942D33 /* TwoViews */;
			targetProxy = CACBF25C27611BC400942D33 /* PBXContainerItemProxy */;
		};
/* End PBXTargetDependency section */

/* Begin PBXVariantGroup section */
		CACBF24327611BB500942D33 /* Main.storyboard */ = {
			isa = PBXVariantGroup;
			children = (
				CACBF24427611BB500942D33 /* Base */,
			);
			name = Main.storyboard;
			sourceTree = "<group>";
		};
		CACBF24827611BC400942D33 /* LaunchScreen.storyboard */ = {
			isa = PBXVariantGroup;
			children = (
				CACBF24927611BC400942D33 /* Base */,
			);
			name = LaunchScreen.storyboard;
			sourceTree = "<group>";
		};
/* End PBXVariantGroup section */

/* Begin XCBuildConfiguration section */
		CACBF26227611BC500942D33 /* Debug */ = {
			isa = XCBuildConfiguration;
			buildSettings = {
				ALWAYS_SEARCH_USER_PATHS = NO;
				CLANG_ANALYZER_NONNULL = YES;
				CLANG_ANALYZER_NUMBER_OBJECT_CONVERSION = YES_AGGRESSIVE;
				CLANG_CXX_LANGUAGE_STANDARD = "gnu++14";
				CLANG_CXX_LIBRARY = "libc++";
				CLANG_ENABLE_MODULES = YES;
				CLANG_ENABLE_OBJC_ARC = YES;
				CLANG_ENABLE_OBJC_WEAK = YES;
				CLANG_WARN_BLOCK_CAPTURE_AUTORELEASING = YES;
				CLANG_WARN_BOOL_CONVERSION = YES;
				CLANG_WARN_COMMA = YES;
				CLANG_WARN_CONSTANT_CONVERSION = YES;
				CLANG_WARN_DEPRECATED_OBJC_IMPLEMENTATIONS = YES;
				CLANG_WARN_DIRECT_OBJC_ISA_USAGE = YES_ERROR;
				CLANG_WARN_DOCUMENTATION_COMMENTS = YES;
				CLANG_WARN_EMPTY_BODY = YES;
				CLANG_WARN_ENUM_CONVERSION = YES;
				CLANG_WARN_INFINITE_RECURSION = YES;
				CLANG_WARN_INT_CONVERSION = YES;
				CLANG_WARN_NON_LITERAL_NULL_CONVERSION = YES;
				CLANG_WARN_OBJC_IMPLICIT_RETAIN_SELF = YES;
				CLANG_WARN_OBJC_LITERAL_CONVERSION = YES;
				CLANG_WARN_OBJC_ROOT_CLASS = YES_ERROR;
				CLANG_WARN_QUOTED_INCLUDE_IN_FRAMEWORK_HEADER = YES;
				CLANG_WARN_RANGE_LOOP_ANALYSIS = YES;
				CLANG_WARN_STRICT_PROTOTYPES = YES;
				CLANG_WARN_SUSPICIOUS_MOVE = YES;
				CLANG_WARN_UNGUARDED_AVAILABILITY = YES_AGGRESSIVE;
				CLANG_WARN_UNREACHABLE_CODE = YES;
				CLANG_WARN__DUPLICATE_METHOD_MATCH = YES;
				COPY_PHASE_STRIP = NO;
				DEBUG_INFORMATION_FORMAT = dwarf;
				ENABLE_STRICT_OBJC_MSGSEND = YES;
				ENABLE_TESTABILITY = YES;
				GCC_C_LANGUAGE_STANDARD = gnu11;
				GCC_DYNAMIC_NO_PIC = NO;
				GCC_NO_COMMON_BLOCKS = YES;
				GCC_OPTIMIZATION_LEVEL = 0;
				GCC_PREPROCESSOR_DEFINITIONS = (
					"DEBUG=1",
					"$(inherited)",
				);
				GCC_WARN_64_TO_32_BIT_CONVERSION = YES;
				GCC_WARN_ABOUT_RETURN_TYPE = YES_ERROR;
				GCC_WARN_UNDECLARED_SELECTOR = YES;
				GCC_WARN_UNINITIALIZED_AUTOS = YES_AGGRESSIVE;
				GCC_WARN_UNUSED_FUNCTION = YES;
				GCC_WARN_UNUSED_VARIABLE = YES;
				IPHONEOS_DEPLOYMENT_TARGET = 14.4;
				MTL_ENABLE_DEBUG_INFO = INCLUDE_SOURCE;
				MTL_FAST_MATH = YES;
				ONLY_ACTIVE_ARCH = YES;
				SDKROOT = iphoneos;
				SWIFT_ACTIVE_COMPILATION_CONDITIONS = DEBUG;
				SWIFT_OPTIMIZATION_LEVEL = "-Onone";
			};
			name = Debug;
		};
		CACBF26327611BC500942D33 /* Release */ = {
			isa = XCBuildConfiguration;
			buildSettings = {
				ALWAYS_SEARCH_USER_PATHS = NO;
				CLANG_ANALYZER_NONNULL = YES;
				CLANG_ANALYZER_NUMBER_OBJECT_CONVERSION = YES_AGGRESSIVE;
				CLANG_CXX_LANGUAGE_STANDARD = "gnu++14";
				CLANG_CXX_LIBRARY = "libc++";
				CLANG_ENABLE_MODULES = YES;
				CLANG_ENABLE_OBJC_ARC = YES;
				CLANG_ENABLE_OBJC_WEAK = YES;
				CLANG_WARN_BLOCK_CAPTURE_AUTORELEASING = YES;
				CLANG_WARN_BOOL_CONVERSION = YES;
				CLANG_WARN_COMMA = YES;
				CLANG_WARN_CONSTANT_CONVERSION = YES;
				CLANG_WARN_DEPRECATED_OBJC_IMPLEMENTATIONS = YES;
				CLANG_WARN_DIRECT_OBJC_ISA_USAGE = YES_ERROR;
				CLANG_WARN_DOCUMENTATION_COMMENTS = YES;
				CLANG_WARN_EMPTY_BODY = YES;
				CLANG_WARN_ENUM_CONVERSION = YES;
				CLANG_WARN_INFINITE_RECURSION = YES;
				CLANG_WARN_INT_CONVERSION = YES;
				CLANG_WARN_NON_LITERAL_NULL_CONVERSION = YES;
				CLANG_WARN_OBJC_IMPLICIT_RETAIN_SELF = YES;
				CLANG_WARN_OBJC_LITERAL_CONVERSION = YES;
				CLANG_WARN_OBJC_ROOT_CLASS = YES_ERROR;
				CLANG_WARN_QUOTED_INCLUDE_IN_FRAMEWORK_HEADER = YES;
				CLANG_WARN_RANGE_LOOP_ANALYSIS = YES;
				CLANG_WARN_STRICT_PROTOTYPES = YES;
				CLANG_WARN_SUSPICIOUS_MOVE = YES;
				CLANG_WARN_UNGUARDED_AVAILABILITY = YES_AGGRESSIVE;
				CLANG_WARN_UNREACHABLE_CODE = YES;
				CLANG_WARN__DUPLICATE_METHOD_MATCH = YES;
				COPY_PHASE_STRIP = NO;
				DEBUG_INFORMATION_FORMAT = "dwarf-with-dsym";
				ENABLE_NS_ASSERTIONS = NO;
				ENABLE_STRICT_OBJC_MSGSEND = YES;
				GCC_C_LANGUAGE_STANDARD = gnu11;
				GCC_NO_COMMON_BLOCKS = YES;
				GCC_WARN_64_TO_32_BIT_CONVERSION = YES;
				GCC_WARN_ABOUT_RETURN_TYPE = YES_ERROR;
				GCC_WARN_UNDECLARED_SELECTOR = YES;
				GCC_WARN_UNINITIALIZED_AUTOS = YES_AGGRESSIVE;
				GCC_WARN_UNUSED_FUNCTION = YES;
				GCC_WARN_UNUSED_VARIABLE = YES;
				IPHONEOS_DEPLOYMENT_TARGET = 14.4;
				MTL_ENABLE_DEBUG_INFO = NO;
				MTL_FAST_MATH = YES;
				SDKROOT = iphoneos;
				SWIFT_COMPILATION_MODE = wholemodule;
				SWIFT_OPTIMIZATION_LEVEL = "-O";
				VALIDATE_PRODUCT = YES;
			};
			name = Release;
		};
		CACBF26527611BC500942D33 /* Debug */ = {
			isa = XCBuildConfiguration;
			buildSettings = {
				ASSETCATALOG_COMPILER_APPICON_NAME = AppIcon;
				ASSETCATALOG_COMPILER_GLOBAL_ACCENT_COLOR_NAME = AccentColor;
				CODE_SIGN_STYLE = Automatic;
				DEVELOPMENT_TEAM = 8BC5UDJWT2;
				INFOPLIST_FILE = TwoViews/Info.plist;
				LD_RUNPATH_SEARCH_PATHS = (
					"$(inherited)",
					"@executable_path/Frameworks",
				);
				PRODUCT_BUNDLE_IDENTIFIER = "-.TwoViews";
				PRODUCT_NAME = "$(TARGET_NAME)";
				SWIFT_VERSION = 5.0;
				TARGETED_DEVICE_FAMILY = "1,2";
			};
			name = Debug;
		};
		CACBF26627611BC500942D33 /* Release */ = {
			isa = XCBuildConfiguration;
			buildSettings = {
				ASSETCATALOG_COMPILER_APPICON_NAME = AppIcon;
				ASSETCATALOG_COMPILER_GLOBAL_ACCENT_COLOR_NAME = AccentColor;
				CODE_SIGN_STYLE = Automatic;
				DEVELOPMENT_TEAM = 8BC5UDJWT2;
				INFOPLIST_FILE = TwoViews/Info.plist;
				LD_RUNPATH_SEARCH_PATHS = (
					"$(inherited)",
					"@executable_path/Frameworks",
				);
				PRODUCT_BUNDLE_IDENTIFIER = "-.TwoViews";
				PRODUCT_NAME = "$(TARGET_NAME)";
				SWIFT_VERSION = 5.0;
				TARGETED_DEVICE_FAMILY = "1,2";
			};
			name = Release;
		};
		CACBF26827611BC500942D33 /* Debug */ = {
			isa = XCBuildConfiguration;
			buildSettings = {
				ALWAYS_EMBED_SWIFT_STANDARD_LIBRARIES = YES;
				BUNDLE_LOADER = "$(TEST_HOST)";
				CODE_SIGN_STYLE = Automatic;
				DEVELOPMENT_TEAM = 8BC5UDJWT2;
				INFOPLIST_FILE = TwoViewsTests/Info.plist;
				IPHONEOS_DEPLOYMENT_TARGET = 14.4;
				LD_RUNPATH_SEARCH_PATHS = (
					"$(inherited)",
					"@executable_path/Frameworks",
					"@loader_path/Frameworks",
				);
				PRODUCT_BUNDLE_IDENTIFIER = "-.TwoViewsTests";
				PRODUCT_NAME = "$(TARGET_NAME)";
				SWIFT_VERSION = 5.0;
				TARGETED_DEVICE_FAMILY = "1,2";
				TEST_HOST = "$(BUILT_PRODUCTS_DIR)/TwoViews.app/TwoViews";
			};
			name = Debug;
		};
		CACBF26927611BC500942D33 /* Release */ = {
			isa = XCBuildConfiguration;
			buildSettings = {
				ALWAYS_EMBED_SWIFT_STANDARD_LIBRARIES = YES;
				BUNDLE_LOADER = "$(TEST_HOST)";
				CODE_SIGN_STYLE = Automatic;
				DEVELOPMENT_TEAM = 8BC5UDJWT2;
				INFOPLIST_FILE = TwoViewsTests/Info.plist;
				IPHONEOS_DEPLOYMENT_TARGET = 14.4;
				LD_RUNPATH_SEARCH_PATHS = (
					"$(inherited)",
					"@executable_path/Frameworks",
					"@loader_path/Frameworks",
				);
				PRODUCT_BUNDLE_IDENTIFIER = "-.TwoViewsTests";
				PRODUCT_NAME = "$(TARGET_NAME)";
				SWIFT_VERSION = 5.0;
				TARGETED_DEVICE_FAMILY = "1,2";
				TEST_HOST = "$(BUILT_PRODUCTS_DIR)/TwoViews.app/TwoViews";
			};
			name = Release;
		};
		CACBF26B27611BC500942D33 /* Debug */ = {
			isa = XCBuildConfiguration;
			buildSettings = {
				ALWAYS_EMBED_SWIFT_STANDARD_LIBRARIES = YES;
				CODE_SIGN_STYLE = Automatic;
				DEVELOPMENT_TEAM = 8BC5UDJWT2;
				INFOPLIST_FILE = TwoViewsUITests/Info.plist;
				LD_RUNPATH_SEARCH_PATHS = (
					"$(inherited)",
					"@executable_path/Frameworks",
					"@loader_path/Frameworks",
				);
				PRODUCT_BUNDLE_IDENTIFIER = "-.TwoViewsUITests";
				PRODUCT_NAME = "$(TARGET_NAME)";
				SWIFT_VERSION = 5.0;
				TARGETED_DEVICE_FAMILY = "1,2";
				TEST_TARGET_NAME = TwoViews;
			};
			name = Debug;
		};
		CACBF26C27611BC500942D33 /* Release */ = {
			isa = XCBuildConfiguration;
			buildSettings = {
				ALWAYS_EMBED_SWIFT_STANDARD_LIBRARIES = YES;
				CODE_SIGN_STYLE = Automatic;
				DEVELOPMENT_TEAM = 8BC5UDJWT2;
				INFOPLIST_FILE = TwoViewsUITests/Info.plist;
				LD_RUNPATH_SEARCH_PATHS = (
					"$(inherited)",
					"@executable_path/Frameworks",
					"@loader_path/Frameworks",
				);
				PRODUCT_BUNDLE_IDENTIFIER = "-.TwoViewsUITests";
				PRODUCT_NAME = "$(TARGET_NAME)";
				SWIFT_VERSION = 5.0;
				TARGETED_DEVICE_FAMILY = "1,2";
				TEST_TARGET_NAME = TwoViews;
			};
			name = Release;
		};
/* End XCBuildConfiguration section */

/* Begin XCConfigurationList section */
		CACBF23527611BB500942D33 /* Build configuration list for PBXProject "TwoViews" */ = {
			isa = XCConfigurationList;
			buildConfigurations = (
				CACBF26227611BC500942D33 /* Debug */,
				CACBF26327611BC500942D33 /* Release */,
			);
			defaultConfigurationIsVisible = 0;
			defaultConfigurationName = Release;
		};
		CACBF26427611BC500942D33 /* Build configuration list for PBXNativeTarget "TwoViews" */ = {
			isa = XCConfigurationList;
			buildConfigurations = (
				CACBF26527611BC500942D33 /* Debug */,
				CACBF26627611BC500942D33 /* Release */,
			);
			defaultConfigurationIsVisible = 0;
			defaultConfigurationName = Release;
		};
		CACBF26727611BC500942D33 /* Build configuration list for PBXNativeTarget "TwoViewsTests" */ = {
			isa = XCConfigurationList;
			buildConfigurations = (
				CACBF26827611BC500942D33 /* Debug */,
				CACBF26927611BC500942D33 /* Release */,
			);
			defaultConfigurationIsVisible = 0;
			defaultConfigurationName = Release;
		};
		CACBF26A27611BC500942D33 /* Build configuration list for PBXNativeTarget "TwoViewsUITests" */ = {
			isa = XCConfigurationList;
			buildConfigurations = (
				CACBF26B27611BC500942D33 /* Debug */,
				CACBF26C27611BC500942D33 /* Release */,
			);
			defaultConfigurationIsVisible = 0;
			defaultConfigurationName = Release;
		};
/* End XCConfigurationList section */
	};
	rootObject = CACBF23227611BB500942D33 /* Project object */;
}
